
Microsoft Visual Studio Solution File, Format Version 12.00
# Visual Studio Version 17
VisualStudioVersion = 17.10.34928.147
MinimumVisualStudioVersion = 10.0.40219.1
Project("{FAE04EC0-301F-11D3-BF4B-00C04F79EFBC}") = "RankUp", "RankUp.csproj", "{9B9EB615-B8A6-4FF6-82E8-6277903CD103}"
EndProject
Global
	GlobalSection(SolutionConfigurationPlatforms) = preSolution
		Debug|Any CPU = Debug|Any CPU
		Release|Any CPU = Release|Any CPU
	EndGlobalSection
	GlobalSection(ProjectConfigurationPlatforms) = postSolution
		{9B9EB615-B8A6-4FF6-82E8-6277903CD103}.Debug|Any CPU.ActiveCfg = Debug|Any CPU
		{9B9EB615-B8A6-4FF6-82E8-6277903CD103}.Debug|Any CPU.Build.0 = Debug|Any CPU
		{9B9EB615-B8A6-4FF6-82E8-6277903CD103}.Release|Any CPU.ActiveCfg = Release|Any CPU
		{9B9EB615-B8A6-4FF6-82E8-6277903CD103}.Release|Any CPU.Build.0 = Release|Any CPU
	EndGlobalSection
	GlobalSection(SolutionProperties) = preSolution
		HideSolutionNode = FALSE
	EndGlobalSection
	GlobalSection(ExtensibilityGlobals) = postSolution
		SolutionGuid = {69517717-9F55-4834-918F-68B619373345}
	EndGlobalSection
EndGlobal
